// !$*UTF8*$!
{
	archiveVersion = 1;
	classes = {
	};
	objectVersion = 77;
	objects = {

/* Begin PBXBuildFile section */
		BCECE7932E6EBC2600476109 /* FXCalculatorKit in Frameworks */ = {isa = PBXBuildFile; productRef = BCECE7922E6EBC2600476109 /* FXCalculatorKit */; };
/* End PBXBuildFile section */

/* Begin PBXContainerItemProxy section */
		BC51E9C62E6EB086000A7E1F /* PBXContainerItemProxy */ = {
			isa = PBXContainerItemProxy;
			containerPortal = BC51E9AF2E6EB084000A7E1F /* Project object */;
			proxyType = 1;
			remoteGlobalIDString = BC51E9B62E6EB084000A7E1F;
			remoteInfo = TGCalculator;
		};
		BC51E9D02E6EB086000A7E1F /* PBXContainerItemProxy */ = {
			isa = PBXContainerItemProxy;
			containerPortal = BC51E9AF2E6EB084000A7E1F /* Project object */;
			proxyType = 1;
			remoteGlobalIDString = BC51E9B62E6EB084000A7E1F;
			remoteInfo = TGCalculator;
		};
/* End PBXContainerItemProxy section */

/* Begin PBXFileReference section */
		BC51E9B72E6EB084000A7E1F /* TGCalculator.app */ = {isa = PBXFileReference; explicitFileType = wrapper.application; includeInIndex = 0; path = TGCalculator.app; sourceTree = BUILT_PRODUCTS_DIR; };
		BC51E9C52E6EB086000A7E1F /* TGCalculatorTests.xctest */ = {isa = PBXFileReference; explicitFileType = wrapper.cfbundle; includeInIndex = 0; path = TGCalculatorTests.xctest; sourceTree = BUILT_PRODUCTS_DIR; };
		BC51E9CF2E6EB086000A7E1F /* TGCalculatorUITests.xctest */ = {isa = PBXFileReference; explicitFileType = wrapper.cfbundle; includeInIndex = 0; path = TGCalculatorUITests.xctest; sourceTree = BUILT_PRODUCTS_DIR; };
/* End PBXFileReference section */

/* Begin PBXFileSystemSynchronizedRootGroup section */
		BC51E9B92E6EB084000A7E1F /* TGCalculator */ = {
			isa = PBXFileSystemSynchronizedRootGroup;
			path = TGCalculator;
			sourceTree = "<group>";
		};
		BC51E9C82E6EB086000A7E1F /* TGCalculatorTests */ = {
			isa = PBXFileSystemSynchronizedRootGroup;
			path = TGCalculatorTests;
			sourceTree = "<group>";
		};
		BC51E9D22E6EB086000A7E1F /* TGCalculatorUITests */ = {
			isa = PBXFileSystemSynchronizedRootGroup;
			path = TGCalculatorUITests;
			sourceTree = "<group>";
		};
/* End PBXFileSystemSynchronizedRootGroup section */

/* Begin PBXFrameworksBuildPhase section */
		BC51E9B42E6EB084000A7E1F /* Frameworks */ = {
			isa = PBXFrameworksBuildPhase;
			buildActionMask = 2147483647;
			files = (
				BCECE7932E6EBC2600476109 /* FXCalculatorKit in Frameworks */,
			);
			runOnlyForDeploymentPostprocessing = 0;
		};
		BC51E9C22E6EB086000A7E1F /* Frameworks */ = {
			isa = PBXFrameworksBuildPhase;
			buildActionMask = 2147483647;
			files = (
			);
			runOnlyForDeploymentPostprocessing = 0;
		};
		BC51E9CC2E6EB086000A7E1F /* Frameworks */ = {
			isa = PBXFrameworksBuildPhase;
			buildActionMask = 2147483647;
			files = (
			);
			runOnlyForDeploymentPostprocessing = 0;
		};
/* End PBXFrameworksBuildPhase section */

/* Begin PBXGroup section */
		BC51E9AE2E6EB084000A7E1F = {
			isa = PBXGroup;
			children = (
				BC51E9B92E6EB084000A7E1F /* TGCalculator */,
				BC51E9C82E6EB086000A7E1F /* TGCalculatorTests */,
				BC51E9D22E6EB086000A7E1F /* TGCalculatorUITests */,
				BC51E9B82E6EB084000A7E1F /* Products */,
			);
			sourceTree = "<group>";
		};
		BC51E9B82E6EB084000A7E1F /* Products */ = {
			isa = PBXGroup;
			children = (
				BC51E9B72E6EB084000A7E1F /* TGCalculator.app */,
				BC51E9C52E6EB086000A7E1F /* TGCalculatorTests.xctest */,
				BC51E9CF2E6EB086000A7E1F /* TGCalculatorUITests.xctest */,
			);
			name = Products;
			sourceTree = "<group>";
		};
/* End PBXGroup section */

/* Begin PBXNativeTarget section */
		BC51E9B62E6EB084000A7E1F /* TGCalculator */ = {
			isa = PBXNativeTarget;
			buildConfigurationList = BC51E9D92E6EB086000A7E1F /* Build configuration list for PBXNativeTarget "TGCalculator" */;
			buildPhases = (
				BC51E9B32E6EB084000A7E1F /* Sources */,
				BC51E9B42E6EB084000A7E1F /* Frameworks */,
				BC51E9B52E6EB084000A7E1F /* Resources */,
			);
			buildRules = (
			);
			dependencies = (
			);
			fileSystemSynchronizedGroups = (
				BC51E9B92E6EB084000A7E1F /* TGCalculator */,
			);
			name = TGCalculator;
			packageProductDependencies = (
				BCECE7922E6EBC2600476109 /* FXCalculatorKit */,
			);
			productName = TGCalculator;
			productReference = BC51E9B72E6EB084000A7E1F /* TGCalculator.app */;
			productType = "com.apple.product-type.application";
		};
		BC51E9C42E6EB086000A7E1F /* TGCalculatorTests */ = {
			isa = PBXNativeTarget;
			buildConfigurationList = BC51E9DC2E6EB086000A7E1F /* Build configuration list for PBXNativeTarget "TGCalculatorTests" */;
			buildPhases = (
				BC51E9C12E6EB086000A7E1F /* Sources */,
				BC51E9C22E6EB086000A7E1F /* Frameworks */,
				BC51E9C32E6EB086000A7E1F /* Resources */,
			);
			buildRules = (
			);
			dependencies = (
				BC51E9C72E6EB086000A7E1F /* PBXTargetDependency */,
			);
			fileSystemSynchronizedGroups = (
				BC51E9C82E6EB086000A7E1F /* TGCalculatorTests */,
			);
			name = TGCalculatorTests;
			packageProductDependencies = (
			);
			productName = TGCalculatorTests;
			productReference = BC51E9C52E6EB086000A7E1F /* TGCalculatorTests.xctest */;
			productType = "com.apple.product-type.bundle.unit-test";
		};
		BC51E9CE2E6EB086000A7E1F /* TGCalculatorUITests */ = {
			isa = PBXNativeTarget;
			buildConfigurationList = BC51E9DF2E6EB086000A7E1F /* Build configuration list for PBXNativeTarget "TGCalculatorUITests" */;
			buildPhases = (
				BC51E9CB2E6EB086000A7E1F /* Sources */,
				BC51E9CC2E6EB086000A7E1F /* Frameworks */,
				BC51E9CD2E6EB086000A7E1F /* Resources */,
			);
			buildRules = (
			);
			dependencies = (
				BC51E9D12E6EB086000A7E1F /* PBXTargetDependency */,
			);
			fileSystemSynchronizedGroups = (
				BC51E9D22E6EB086000A7E1F /* TGCalculatorUITests */,
			);
			name = TGCalculatorUITests;
			packageProductDependencies = (
			);
			productName = TGCalculatorUITests;
			productReference = BC51E9CF2E6EB086000A7E1F /* TGCalculatorUITests.xctest */;
			productType = "com.apple.product-type.bundle.ui-testing";
		};
/* End PBXNativeTarget section */

/* Begin PBXProject section */
		BC51E9AF2E6EB084000A7E1F /* Project object */ = {
			isa = PBXProject;
			attributes = {
				BuildIndependentTargetsInParallel = 1;
				LastSwiftUpdateCheck = 1640;
				LastUpgradeCheck = 1640;
				TargetAttributes = {
					BC51E9B62E6EB084000A7E1F = {
						CreatedOnToolsVersion = 16.4;
					};
					BC51E9C42E6EB086000A7E1F = {
						CreatedOnToolsVersion = 16.4;
						TestTargetID = BC51E9B62E6EB084000A7E1F;
					};
					BC51E9CE2E6EB086000A7E1F = {
						CreatedOnToolsVersion = 16.4;
						TestTargetID = BC51E9B62E6EB084000A7E1F;
					};
				};
			};
			buildConfigurationList = BC51E9B22E6EB084000A7E1F /* Build configuration list for PBXProject "TGCalculator" */;
			developmentRegion = en;
			hasScannedForEncodings = 0;
			knownRegions = (
				en,
				Base,
			);
			mainGroup = BC51E9AE2E6EB084000A7E1F;
			minimizedProjectReferenceProxies = 1;
			packageReferences = (
				BCECE7912E6EBC2600476109 /* XCLocalSwiftPackageReference "../FXCalculatorKit" */,
			);
			preferredProjectObjectVersion = 77;
			productRefGroup = BC51E9B82E6EB084000A7E1F /* Products */;
			projectDirPath = "";
			projectRoot = "";
			targets = (
				BC51E9B62E6EB084000A7E1F /* TGCalculator */,
				BC51E9C42E6EB086000A7E1F /* TGCalculatorTests */,
				BC51E9CE2E6EB086000A7E1F /* TGCalculatorUITests */,
			);
		};
/* End PBXProject section */

/* Begin PBXResourcesBuildPhase section */
		BC51E9B52E6EB084000A7E1F /* Resources */ = {
			isa = PBXResourcesBuildPhase;
			buildActionMask = 2147483647;
			files = (
			);
			runOnlyForDeploymentPostprocessing = 0;
		};
		BC51E9C32E6EB086000A7E1F /* Resources */ = {
			isa = PBXResourcesBuildPhase;
			buildActionMask = 2147483647;
			files = (
			);
			runOnlyForDeploymentPostprocessing = 0;
		};
		BC51E9CD2E6EB086000A7E1F /* Resources */ = {
			isa = PBXResourcesBuildPhase;
			buildActionMask = 2147483647;
			files = (
			);
			runOnlyForDeploymentPostprocessing = 0;
		};
/* End PBXResourcesBuildPhase section */

/* Begin PBXSourcesBuildPhase section */
		BC51E9B32E6EB084000A7E1F /* Sources */ = {
			isa = PBXSourcesBuildPhase;
			buildActionMask = 2147483647;
			files = (
			);
			runOnlyForDeploymentPostprocessing = 0;
		};
		BC51E9C12E6EB086000A7E1F /* Sources */ = {
			isa = PBXSourcesBuildPhase;
			buildActionMask = 2147483647;
			files = (
			);
			runOnlyForDeploymentPostprocessing = 0;
		};
		BC51E9CB2E6EB086000A7E1F /* Sources */ = {
			isa = PBXSourcesBuildPhase;
			buildActionMask = 2147483647;
			files = (
			);
			runOnlyForDeploymentPostprocessing = 0;
		};
/* End PBXSourcesBuildPhase section */

/* Begin PBXTargetDependency section */
		BC51E9C72E6EB086000A7E1F /* PBXTargetDependency */ = {
			isa = PBXTargetDependency;
			target = BC51E9B62E6EB084000A7E1F /* TGCalculator */;
			targetProxy = BC51E9C62E6EB086000A7E1F /* PBXContainerItemProxy */;
		};
		BC51E9D12E6EB086000A7E1F /* PBXTargetDependency */ = {
			isa = PBXTargetDependency;
			target = BC51E9B62E6EB084000A7E1F /* TGCalculator */;
			targetProxy = BC51E9D02E6EB086000A7E1F /* PBXContainerItemProxy */;
		};
/* End PBXTargetDependency section */

/* Begin XCBuildConfiguration section */
		BC51E9D72E6EB086000A7E1F /* Debug */ = {
			isa = XCBuildConfiguration;
			buildSettings = {
				ALWAYS_SEARCH_USER_PATHS = NO;
				ASSETCATALOG_COMPILER_GENERATE_SWIFT_ASSET_SYMBOL_EXTENSIONS = YES;
				CLANG_ANALYZER_NONNULL = YES;
				CLANG_ANALYZER_NUMBER_OBJECT_CONVERSION = YES_AGGRESSIVE;
				CLANG_CXX_LANGUAGE_STANDARD = "gnu++20";
				CLANG_ENABLE_MODULES = YES;
				CLANG_ENABLE_OBJC_ARC = YES;
				CLANG_ENABLE_OBJC_WEAK = YES;
				CLANG_WARN_BLOCK_CAPTURE_AUTORELEASING = YES;
				CLANG_WARN_BOOL_CONVERSION = YES;
				CLANG_WARN_COMMA = YES;
				CLANG_WARN_CONSTANT_CONVERSION = YES;
				CLANG_WARN_DEPRECATED_OBJC_IMPLEMENTATIONS = YES;
				CLANG_WARN_DIRECT_OBJC_ISA_USAGE = YES_ERROR;
				CLANG_WARN_DOCUMENTATION_COMMENTS = YES;
				CLANG_WARN_EMPTY_BODY = YES;
				CLANG_WARN_ENUM_CONVERSION = YES;
				CLANG_WARN_INFINITE_RECURSION = YES;
				CLANG_WARN_INT_CONVERSION = YES;
				CLANG_WARN_NON_LITERAL_NULL_CONVERSION = YES;
				CLANG_WARN_OBJC_IMPLICIT_RETAIN_SELF = YES;
				CLANG_WARN_OBJC_LITERAL_CONVERSION = YES;
				CLANG_WARN_OBJC_ROOT_CLASS = YES_ERROR;
				CLANG_WARN_QUOTED_INCLUDE_IN_FRAMEWORK_HEADER = YES;
				CLANG_WARN_RANGE_LOOP_ANALYSIS = YES;
				CLANG_WARN_STRICT_PROTOTYPES = YES;
				CLANG_WARN_SUSPICIOUS_MOVE = YES;
				CLANG_WARN_UNGUARDED_AVAILABILITY = YES_AGGRESSIVE;
				CLANG_WARN_UNREACHABLE_CODE = YES;
				CLANG_WARN__DUPLICATE_METHOD_MATCH = YES;
				COPY_PHASE_STRIP = NO;
				DEBUG_INFORMATION_FORMAT = dwarf;
				DEVELOPMENT_TEAM = A6M7F3NSVS;
				ENABLE_STRICT_OBJC_MSGSEND = YES;
				ENABLE_TESTABILITY = YES;
				ENABLE_USER_SCRIPT_SANDBOXING = YES;
				GCC_C_LANGUAGE_STANDARD = gnu17;
				GCC_DYNAMIC_NO_PIC = NO;
				GCC_NO_COMMON_BLOCKS = YES;
				GCC_OPTIMIZATION_LEVEL = 0;
				GCC_PREPROCESSOR_DEFINITIONS = (
					"DEBUG=1",
					"$(inherited)",
				);
				GCC_WARN_64_TO_32_BIT_CONVERSION = YES;
				GCC_WARN_ABOUT_RETURN_TYPE = YES_ERROR;
				GCC_WARN_UNDECLARED_SELECTOR = YES;
				GCC_WARN_UNINITIALIZED_AUTOS = YES_AGGRESSIVE;
				GCC_WARN_UNUSED_FUNCTION = YES;
				GCC_WARN_UNUSED_VARIABLE = YES;
				LOCALIZATION_PREFERS_STRING_CATALOGS = YES;
				MTL_ENABLE_DEBUG_INFO = INCLUDE_SOURCE;
				MTL_FAST_MATH = YES;
				ONLY_ACTIVE_ARCH = YES;
				SWIFT_ACTIVE_COMPILATION_CONDITIONS = "DEBUG $(inherited)";
				SWIFT_OPTIMIZATION_LEVEL = "-Onone";
			};
			name = Debug;
		};
		BC51E9D82E6EB086000A7E1F /* Release */ = {
			isa = XCBuildConfiguration;
			buildSettings = {
				ALWAYS_SEARCH_USER_PATHS = NO;
				ASSETCATALOG_COMPILER_GENERATE_SWIFT_ASSET_SYMBOL_EXTENSIONS = YES;
				CLANG_ANALYZER_NONNULL = YES;
				CLANG_ANALYZER_NUMBER_OBJECT_CONVERSION = YES_AGGRESSIVE;
				CLANG_CXX_LANGUAGE_STANDARD = "gnu++20";
				CLANG_ENABLE_MODULES = YES;
				CLANG_ENABLE_OBJC_ARC = YES;
				CLANG_ENABLE_OBJC_WEAK = YES;
				CLANG_WARN_BLOCK_CAPTURE_AUTORELEASING = YES;
				CLANG_WARN_BOOL_CONVERSION = YES;
				CLANG_WARN_COMMA = YES;
				CLANG_WARN_CONSTANT_CONVERSION = YES;
				CLANG_WARN_DEPRECATED_OBJC_IMPLEMENTATIONS = YES;
				CLANG_WARN_DIRECT_OBJC_ISA_USAGE = YES_ERROR;
				CLANG_WARN_DOCUMENTATION_COMMENTS = YES;
				CLANG_WARN_EMPTY_BODY = YES;
				CLANG_WARN_ENUM_CONVERSION = YES;
				CLANG_WARN_INFINITE_RECURSION = YES;
				CLANG_WARN_INT_CONVERSION = YES;
				CLANG_WARN_NON_LITERAL_NULL_CONVERSION = YES;
				CLANG_WARN_OBJC_IMPLICIT_RETAIN_SELF = YES;
				CLANG_WARN_OBJC_LITERAL_CONVERSION = YES;
				CLANG_WARN_OBJC_ROOT_CLASS = YES_ERROR;
				CLANG_WARN_QUOTED_INCLUDE_IN_FRAMEWORK_HEADER = YES;
				CLANG_WARN_RANGE_LOOP_ANALYSIS = YES;
				CLANG_WARN_STRICT_PROTOTYPES = YES;
				CLANG_WARN_SUSPICIOUS_MOVE = YES;
				CLANG_WARN_UNGUARDED_AVAILABILITY = YES_AGGRESSIVE;
				CLANG_WARN_UNREACHABLE_CODE = YES;
				CLANG_WARN__DUPLICATE_METHOD_MATCH = YES;
				COPY_PHASE_STRIP = NO;
				DEBUG_INFORMATION_FORMAT = "dwarf-with-dsym";
				DEVELOPMENT_TEAM = A6M7F3NSVS;
				ENABLE_NS_ASSERTIONS = NO;
				ENABLE_STRICT_OBJC_MSGSEND = YES;
				ENABLE_USER_SCRIPT_SANDBOXING = YES;
				GCC_C_LANGUAGE_STANDARD = gnu17;
				GCC_NO_COMMON_BLOCKS = YES;
				GCC_WARN_64_TO_32_BIT_CONVERSION = YES;
				GCC_WARN_ABOUT_RETURN_TYPE = YES_ERROR;
				GCC_WARN_UNDECLARED_SELECTOR = YES;
				GCC_WARN_UNINITIALIZED_AUTOS = YES_AGGRESSIVE;
				GCC_WARN_UNUSED_FUNCTION = YES;
				GCC_WARN_UNUSED_VARIABLE = YES;
				LOCALIZATION_PREFERS_STRING_CATALOGS = YES;
				MTL_ENABLE_DEBUG_INFO = NO;
				MTL_FAST_MATH = YES;
				SWIFT_COMPILATION_MODE = wholemodule;
			};
			name = Release;
		};
		BC51E9DA2E6EB086000A7E1F /* Debug */ = {
			isa = XCBuildConfiguration;
			buildSettings = {
				ASSETCATALOG_COMPILER_APPICON_NAME = AppIcon;
				ASSETCATALOG_COMPILER_GLOBAL_ACCENT_COLOR_NAME = AccentColor;
				CODE_SIGN_ENTITLEMENTS = TGCalculator/TGCalculator.entitlements;
				CODE_SIGN_STYLE = Automatic;
				CURRENT_PROJECT_VERSION = 1;
				DEVELOPMENT_TEAM = A6M7F3NSVS;
				ENABLE_HARDENED_RUNTIME = YES;
				ENABLE_PREVIEWS = YES;
				GENERATE_INFOPLIST_FILE = YES;
				INFOPLIST_KEY_LSApplicationCategoryType = "public.app-category.utilities";
				"INFOPLIST_KEY_UIApplicationSceneManifest_Generation[sdk=iphoneos*]" = YES;
				"INFOPLIST_KEY_UIApplicationSceneManifest_Generation[sdk=iphonesimulator*]" = YES;
				"INFOPLIST_KEY_UIApplicationSupportsIndirectInputEvents[sdk=iphoneos*]" = YES;
				"INFOPLIST_KEY_UIApplicationSupportsIndirectInputEvents[sdk=iphonesimulator*]" = YES;
				"INFOPLIST_KEY_UILaunchScreen_Generation[sdk=iphoneos*]" = YES;
				"INFOPLIST_KEY_UILaunchScreen_Generation[sdk=iphonesimulator*]" = YES;
				"INFOPLIST_KEY_UIStatusBarStyle[sdk=iphoneos*]" = UIStatusBarStyleDefault;
				"INFOPLIST_KEY_UIStatusBarStyle[sdk=iphonesimulator*]" = UIStatusBarStyleDefault;
				INFOPLIST_KEY_UISupportedInterfaceOrientations_iPad = "UIInterfaceOrientationPortrait UIInterfaceOrientationPortraitUpsideDown UIInterfaceOrientationLandscapeLeft UIInterfaceOrientationLandscapeRight";
				INFOPLIST_KEY_UISupportedInterfaceOrientations_iPhone = "UIInterfaceOrientationPortrait UIInterfaceOrientationLandscapeLeft UIInterfaceOrientationLandscapeRight";
				IPHONEOS_DEPLOYMENT_TARGET = 16.6;
				LD_RUNPATH_SEARCH_PATHS = "@executable_path/Frameworks";
				"LD_RUNPATH_SEARCH_PATHS[sdk=macosx*]" = "@executable_path/../Frameworks";
				MACOSX_DEPLOYMENT_TARGET = 15.5;
				MARKETING_VERSION = 1.0;
				PRODUCT_BUNDLE_IDENTIFIER = com.appsolution.TGCalculator;
				PRODUCT_NAME = "$(TARGET_NAME)";
				REGISTER_APP_GROUPS = YES;
				SDKROOT = auto;
				SUPPORTED_PLATFORMS = "iphoneos iphonesimulator macosx xros xrsimulator";
				SWIFT_EMIT_LOC_STRINGS = YES;
				SWIFT_VERSION = 5.0;
				TARGETED_DEVICE_FAMILY = "1,2,7";
				XROS_DEPLOYMENT_TARGET = 2.5;
			};
			name = Debug;
		};
		BC51E9DB2E6EB086000A7E1F /* Release */ = {
			isa = XCBuildConfiguration;
			buildSettings = {
				ASSETCATALOG_COMPILER_APPICON_NAME = AppIcon;
				ASSETCATALOG_COMPILER_GLOBAL_ACCENT_COLOR_NAME = AccentColor;
				CODE_SIGN_ENTITLEMENTS = TGCalculator/TGCalculator.entitlements;
				CODE_SIGN_STYLE = Automatic;
				CURRENT_PROJECT_VERSION = 1;
				DEVELOPMENT_TEAM = A6M7F3NSVS;
				ENABLE_HARDENED_RUNTIME = YES;
				ENABLE_PREVIEWS = YES;
				GENERATE_INFOPLIST_FILE = YES;
				INFOPLIST_KEY_LSApplicationCategoryType = "public.app-category.utilities";
				"INFOPLIST_KEY_UIApplicationSceneManifest_Generation[sdk=iphoneos*]" = YES;
				"INFOPLIST_KEY_UIApplicationSceneManifest_Generation[sdk=iphonesimulator*]" = YES;
				"INFOPLIST_KEY_UIApplicationSupportsIndirectInputEvents[sdk=iphoneos*]" = YES;
				"INFOPLIST_KEY_UIApplicationSupportsIndirectInputEvents[sdk=iphonesimulator*]" = YES;
				"INFOPLIST_KEY_UILaunchScreen_Generation[sdk=iphoneos*]" = YES;
				"INFOPLIST_KEY_UILaunchScreen_Generation[sdk=iphonesimulator*]" = YES;
				"INFOPLIST_KEY_UIStatusBarStyle[sdk=iphoneos*]" = UIStatusBarStyleDefault;
				"INFOPLIST_KEY_UIStatusBarStyle[sdk=iphonesimulator*]" = UIStatusBarStyleDefault;
				INFOPLIST_KEY_UISupportedInterfaceOrientations_iPad = "UIInterfaceOrientationPortrait UIInterfaceOrientationPortraitUpsideDown UIInterfaceOrientationLandscapeLeft UIInterfaceOrientationLandscapeRight";
				INFOPLIST_KEY_UISupportedInterfaceOrientations_iPhone = "UIInterfaceOrientationPortrait UIInterfaceOrientationLandscapeLeft UIInterfaceOrientationLandscapeRight";
				IPHONEOS_DEPLOYMENT_TARGET = 16.6;
				LD_RUNPATH_SEARCH_PATHS = "@executable_path/Frameworks";
				"LD_RUNPATH_SEARCH_PATHS[sdk=macosx*]" = "@executable_path/../Frameworks";
				MACOSX_DEPLOYMENT_TARGET = 15.5;
				MARKETING_VERSION = 1.0;
				PRODUCT_BUNDLE_IDENTIFIER = com.appsolution.TGCalculator;
				PRODUCT_NAME = "$(TARGET_NAME)";
				REGISTER_APP_GROUPS = YES;
				SDKROOT = auto;
				SUPPORTED_PLATFORMS = "iphoneos iphonesimulator macosx xros xrsimulator";
				SWIFT_EMIT_LOC_STRINGS = YES;
				SWIFT_VERSION = 5.0;
				TARGETED_DEVICE_FAMILY = "1,2,7";
				XROS_DEPLOYMENT_TARGET = 2.5;
			};
			name = Release;
		};
		BC51E9DD2E6EB086000A7E1F /* Debug */ = {
			isa = XCBuildConfiguration;
			buildSettings = {
				BUNDLE_LOADER = "$(TEST_HOST)";
				CODE_SIGN_STYLE = Automatic;
				CURRENT_PROJECT_VERSION = 1;
				DEVELOPMENT_TEAM = A6M7F3NSVS;
				GENERATE_INFOPLIST_FILE = YES;
				IPHONEOS_DEPLOYMENT_TARGET = 18.5;
				MACOSX_DEPLOYMENT_TARGET = 15.5;
				MARKETING_VERSION = 1.0;
				PRODUCT_BUNDLE_IDENTIFIER = com.appsolution.TGCalculatorTests;
				PRODUCT_NAME = "$(TARGET_NAME)";
				SDKROOT = auto;
				SUPPORTED_PLATFORMS = "iphoneos iphonesimulator macosx xros xrsimulator";
				SWIFT_EMIT_LOC_STRINGS = NO;
				SWIFT_VERSION = 5.0;
				TARGETED_DEVICE_FAMILY = "1,2,7";
				TEST_HOST = "$(BUILT_PRODUCTS_DIR)/TGCalculator.app/$(BUNDLE_EXECUTABLE_FOLDER_PATH)/TGCalculator";
				XROS_DEPLOYMENT_TARGET = 2.5;
			};
			name = Debug;
		};
		BC51E9DE2E6EB086000A7E1F /* Release */ = {
			isa = XCBuildConfiguration;
			buildSettings = {
				BUNDLE_LOADER = "$(TEST_HOST)";
				CODE_SIGN_STYLE = Automatic;
				CURRENT_PROJECT_VERSION = 1;
				DEVELOPMENT_TEAM = A6M7F3NSVS;
				GENERATE_INFOPLIST_FILE = YES;
				IPHONEOS_DEPLOYMENT_TARGET = 18.5;
				MACOSX_DEPLOYMENT_TARGET = 15.5;
				MARKETING_VERSION = 1.0;
				PRODUCT_BUNDLE_IDENTIFIER = com.appsolution.TGCalculatorTests;
				PRODUCT_NAME = "$(TARGET_NAME)";
				SDKROOT = auto;
				SUPPORTED_PLATFORMS = "iphoneos iphonesimulator macosx xros xrsimulator";
				SWIFT_EMIT_LOC_STRINGS = NO;
				SWIFT_VERSION = 5.0;
				TARGETED_DEVICE_FAMILY = "1,2,7";
				TEST_HOST = "$(BUILT_PRODUCTS_DIR)/TGCalculator.app/$(BUNDLE_EXECUTABLE_FOLDER_PATH)/TGCalculator";
				XROS_DEPLOYMENT_TARGET = 2.5;
			};
			name = Release;
		};
		BC51E9E02E6EB086000A7E1F /* Debug */ = {
			isa = XCBuildConfiguration;
			buildSettings = {
				CODE_SIGN_STYLE = Automatic;
				CURRENT_PROJECT_VERSION = 1;
				DEVELOPMENT_TEAM = A6M7F3NSVS;
				GENERATE_INFOPLIST_FILE = YES;
				IPHONEOS_DEPLOYMENT_TARGET = 18.5;
				MACOSX_DEPLOYMENT_TARGET = 15.5;
				MARKETING_VERSION = 1.0;
				PRODUCT_BUNDLE_IDENTIFIER = com.appsolution.TGCalculatorUITests;
				PRODUCT_NAME = "$(TARGET_NAME)";
				SDKROOT = auto;
				SUPPORTED_PLATFORMS = "iphoneos iphonesimulator macosx xros xrsimulator";
				SWIFT_EMIT_LOC_STRINGS = NO;
				SWIFT_VERSION = 5.0;
				TARGETED_DEVICE_FAMILY = "1,2,7";
				TEST_TARGET_NAME = TGCalculator;
				XROS_DEPLOYMENT_TARGET = 2.5;
			};
			name = Debug;
		};
		BC51E9E12E6EB086000A7E1F /* Release */ = {
			isa = XCBuildConfiguration;
			buildSettings = {
				CODE_SIGN_STYLE = Automatic;
				CURRENT_PROJECT_VERSION = 1;
				DEVELOPMENT_TEAM = A6M7F3NSVS;
				GENERATE_INFOPLIST_FILE = YES;
				IPHONEOS_DEPLOYMENT_TARGET = 18.5;
				MACOSX_DEPLOYMENT_TARGET = 15.5;
				MARKETING_VERSION = 1.0;
				PRODUCT_BUNDLE_IDENTIFIER = com.appsolution.TGCalculatorUITests;
				PRODUCT_NAME = "$(TARGET_NAME)";
				SDKROOT = auto;
				SUPPORTED_PLATFORMS = "iphoneos iphonesimulator macosx xros xrsimulator";
				SWIFT_EMIT_LOC_STRINGS = NO;
				SWIFT_VERSION = 5.0;
				TARGETED_DEVICE_FAMILY = "1,2,7";
				TEST_TARGET_NAME = TGCalculator;
				XROS_DEPLOYMENT_TARGET = 2.5;
			};
			name = Release;
		};
/* End XCBuildConfiguration section */

/* Begin XCConfigurationList section */
		BC51E9B22E6EB084000A7E1F /* Build configuration list for PBXProject "TGCalculator" */ = {
			isa = XCConfigurationList;
			buildConfigurations = (
				BC51E9D72E6EB086000A7E1F /* Debug */,
				BC51E9D82E6EB086000A7E1F /* Release */,
			);
			defaultConfigurationIsVisible = 0;
			defaultConfigurationName = Release;
		};
		BC51E9D92E6EB086000A7E1F /* Build configuration list for PBXNativeTarget "TGCalculator" */ = {
			isa = XCConfigurationList;
			buildConfigurations = (
				BC51E9DA2E6EB086000A7E1F /* Debug */,
				BC51E9DB2E6EB086000A7E1F /* Release */,
			);
			defaultConfigurationIsVisible = 0;
			defaultConfigurationName = Release;
		};
		BC51E9DC2E6EB086000A7E1F /* Build configuration list for PBXNativeTarget "TGCalculatorTests" */ = {
			isa = XCConfigurationList;
			buildConfigurations = (
				BC51E9DD2E6EB086000A7E1F /* Debug */,
				BC51E9DE2E6EB086000A7E1F /* Release */,
			);
			defaultConfigurationIsVisible = 0;
			defaultConfigurationName = Release;
		};
		BC51E9DF2E6EB086000A7E1F /* Build configuration list for PBXNativeTarget "TGCalculatorUITests" */ = {
			isa = XCConfigurationList;
			buildConfigurations = (
				BC51E9E02E6EB086000A7E1F /* Debug */,
				BC51E9E12E6EB086000A7E1F /* Release */,
			);
			defaultConfigurationIsVisible = 0;
			defaultConfigurationName = Release;
		};
/* End XCConfigurationList section */

/* Begin XCLocalSwiftPackageReference section */
		BCECE7912E6EBC2600476109 /* XCLocalSwiftPackageReference "../FXCalculatorKit" */ = {
			isa = XCLocalSwiftPackageReference;
			relativePath = ../FXCalculatorKit;
		};
/* End XCLocalSwiftPackageReference section */

/* Begin XCSwiftPackageProductDependency section */
		BCECE7922E6EBC2600476109 /* FXCalculatorKit */ = {
			isa = XCSwiftPackageProductDependency;
			productName = FXCalculatorKit;
		};
/* End XCSwiftPackageProductDependency section */
	};
	rootObject = BC51E9AF2E6EB084000A7E1F /* Project object */;
}
